
Microsoft Visual Studio Solution File, Format Version 12.00
# Visual Studio 15
VisualStudioVersion = 15.0.28307.329
MinimumVisualStudioVersion = 10.0.40219.1
Project("{8BC9CEB8-8B4A-11D0-8D11-00A0C91BC942}") = "SFML-Learn1", "SFML-Learn1\SFML-Learn1.vcxproj", "{C702E4F3-A2A1-4732-BD16-FBF592DCE6D2}"
EndProject
Global
	GlobalSection(SolutionConfigurationPlatforms) = preSolution
		Debug|x64 = Debug|x64
		Debug|x86 = Debug|x86
		Release|x64 = Release|x64
		Release|x86 = Release|x86
	EndGlobalSection
	GlobalSection(ProjectConfigurationPlatforms) = postSolution
		{C702E4F3-A2A1-4732-BD16-FBF592DCE6D2}.Debug|x64.ActiveCfg = Debug|x64
		{C702E4F3-A2A1-4732-BD16-FBF592DCE6D2}.Debug|x64.Build.0 = Debug|x64
		{C702E4F3-A2A1-4732-BD16-FBF592DCE6D2}.Debug|x86.ActiveCfg = Debug|Win32
		{C702E4F3-A2A1-4732-BD16-FBF592DCE6D2}.Debug|x86.Build.0 = Debug|Win32
		{C702E4F3-A2A1-4732-BD16-FBF592DCE6D2}.Release|x64.ActiveCfg = Release|x64
		{C702E4F3-A2A1-4732-BD16-FBF592DCE6D2}.Release|x64.Build.0 = Release|x64
		{C702E4F3-A2A1-4732-BD16-FBF592DCE6D2}.Release|x86.ActiveCfg = Release|Win32
		{C702E4F3-A2A1-4732-BD16-FBF592DCE6D2}.Release|x86.Build.0 = Release|Win32
	EndGlobalSection
	GlobalSection(SolutionProperties) = preSolution
		HideSolutionNode = FALSE
	EndGlobalSection
	GlobalSection(ExtensibilityGlobals) = postSolution
		SolutionGuid = {0C7E6BB1-5650-4CC2-A481-9FB95EB912D0}
	EndGlobalSection
EndGlobal
